{
  "version": 4,
  "terraform_version": "1.7.0",
  "serial": 11,
  "lineage": "84d1c402-1d32-0912-d562-55d340593c6a",
  "outputs": {},
  "resources": [
    {
      "mode": "managed",
      "type": "local_file",
      "name": "mt-foo",
      "provider": "provider[\"registry.terraform.io/hashicorp/local\"]",
      "instances": [
        {
          "schema_version": 0,
          "attributes": {
            "content": "Version3",
            "content_base64": null,
            "content_base64sha256": "fL893GFMX4tJzdZzHfcPrQMKaJn4fkr3R7JkNE/g+5w=",
            "content_base64sha512": "X21EQ1gCMF5X5UfXu6Cz9klI+4Eh1PpJykCp+IwDUggyv4LTr1Lt0hwyl+jq/cKVpiTTh4+gJtPvjOKF1HzFMg==",
            "content_md5": "00b97c0dd142ff1fd7763beb516e74b5",
            "content_sha1": "5f0c359d9bd73b932e5f23f243b2c23cd1a409a8",
            "content_sha256": "7cbf3ddc614c5f8b49cdd6731df70fad030a6899f87e4af747b264344fe0fb9c",
            "content_sha512": "5f6d44435802305e57e547d7bba0b3f64948fb8121d4fa49ca40a9f88c03520832bf82d3af52edd21c3297e8eafdc295a624d3878fa026d3ef8ce285d47cc532",
            "directory_permission": "0777",
            "file_permission": "0777",
            "filename": "/home/vagrant/hello_world.txt",
            "id": "5f0c359d9bd73b932e5f23f243b2c23cd1a409a8",
            "sensitive_content": null,
            "source": null
          },
          "sensitive_attributes": []
        }
      ]
    },
    {
      "mode": "managed",
      "type": "local_file",
      "name": "mt-ha",
      "provider": "provider[\"registry.terraform.io/hashicorp/local\"]",
      "instances": [
        {
          "schema_version": 0,
          "attributes": {
            "content": "Ha the world",
            "content_base64": null,
            "content_base64sha256": "W2flcaDrtdZXHPnEvN2rtqehcOgci/x2lGPXND9oRyU=",
            "content_base64sha512": "H8pL1mWHGqTrxQydDAVQVi98quWQTa1o57fdQ87F+NL4KbrlJODOhyChdl7nGNrMNZ+fR2fwvai+V65TIXiFRA==",
            "content_md5": "d6ed0a28fedc861beaf534fd457fb1ce",
            "content_sha1": "af485fa4c42323176f3fce7b206c760553378d08",
            "content_sha256": "5b67e571a0ebb5d6571cf9c4bcddabb6a7a170e81c8bfc769463d7343f684725",
            "content_sha512": "1fca4bd665871aa4ebc50c9d0c0550562f7caae5904dad68e7b7dd43cec5f8d2f829bae524e0ce8720a1765ee718dacc359f9f4767f0bda8be57ae5321788544",
            "directory_permission": "0777",
            "file_permission": "0777",
            "filename": "/home/vagrant/ha.txt",
            "id": "af485fa4c42323176f3fce7b206c760553378d08",
            "sensitive_content": null,
            "source": null
          },
          "sensitive_attributes": []
        }
      ]
    },
    {
      "mode": "managed",
      "type": "local_file",
      "name": "mt-haha",
      "provider": "provider[\"registry.terraform.io/hashicorp/local\"]",
      "instances": [
        {
          "schema_version": 0,
          "attributes": {
            "content": "Ha Ha the world",
            "content_base64": null,
            "content_base64sha256": "ZypeNmZLTMdT2DKwc5lo8aT6Ci0jbo9rT+7Lk5O6YEM=",
            "content_base64sha512": "eK7r7R0ySXukgRG1EQT2BMf8bjsS3Q8m7i2fpoJ4Ih+DdYT/e5qt0pmYC0DRXcKzkuOSrINMOc4nF7TLSnEN9Q==",
            "content_md5": "5189f7e53490c729d111eef60b16abde",
            "content_sha1": "a3a13e0e01644f8acf161a578d03787bfeb06134",
            "content_sha256": "672a5e36664b4cc753d832b0739968f1a4fa0a2d236e8f6b4feecb9393ba6043",
            "content_sha512": "78aeebed1d32497ba48111b51104f604c7fc6e3b12dd0f26ee2d9fa68278221f837584ff7b9aadd299980b40d15dc2b392e392ac834c39ce2717b4cb4a710df5",
            "directory_permission": "0777",
            "file_permission": "0777",
            "filename": "/home/vagrant/hahatheworld.txt",
            "id": "a3a13e0e01644f8acf161a578d03787bfeb06134",
            "sensitive_content": null,
            "source": null
          },
          "sensitive_attributes": []
        }
      ]
    },
    {
      "mode": "managed",
      "type": "local_file",
      "name": "mt-heal",
      "provider": "provider[\"registry.terraform.io/hashicorp/local\"]",
      "instances": [
        {
          "schema_version": 0,
          "attributes": {
            "content": "Heal the world",
            "content_base64": null,
            "content_base64sha256": "nvJsJTlEny9KEQ/aaiqrfHfUAvhvW7RuOYGPpNNV/34=",
            "content_base64sha512": "/+16R5Quc6qfCnXpJHPQdIEXIkIYXq3DvVK21JFpxJltRF30/cM3CxtsXJ8kQSiRreLzIpZQ7iQnGgRjRt2kTg==",
            "content_md5": "afb848eb64f5c06a418ca3e20079e150",
            "content_sha1": "a2c7f668803207a8840982e50dab4194bc1679ea",
            "content_sha256": "9ef26c2539449f2f4a110fda6a2aab7c77d402f86f5bb46e39818fa4d355ff7e",
            "content_sha512": "ffed7a47942e73aa9f0a75e92473d07481172242185eadc3bd52b6d49169c4996d445df4fdc3370b1b6c5c9f24412891ade2f3229650ee24271a046346dda44e",
            "directory_permission": "0777",
            "file_permission": "0777",
            "filename": "/home/vagrant/healtheworld.txt",
            "id": "a2c7f668803207a8840982e50dab4194bc1679ea",
            "sensitive_content": null,
            "source": null
          },
          "sensitive_attributes": []
        }
      ]
    },
    {
      "mode": "managed",
      "type": "local_file",
      "name": "mtt",
      "provider": "provider[\"registry.terraform.io/hashicorp/local\"]",
      "instances": [
        {
          "schema_version": 0,
          "attributes": {
            "content": "mtt the world",
            "content_base64": null,
            "content_base64sha256": "Z++pHuHg36qFIYDPRhImc5MwjaVuUcz0OQ6xnjl31q8=",
            "content_base64sha512": "F2U8lKn4RBBQguFU2ZqofULW5EUwfs56a9ADiBRpuBUOLt2MHYlG3y9KwHTzBMJkpnFZxQEyA4r+3mo7urpIcA==",
            "content_md5": "d66c591f18f63dddccd7a0d4eb0c19ae",
            "content_sha1": "899bba5713bd313466a4c5d4834959fe79865cdb",
            "content_sha256": "67efa91ee1e0dfaa852180cf4612267393308da56e51ccf4390eb19e3977d6af",
            "content_sha512": "17653c94a9f844105082e154d99aa87d42d6e445307ece7a6bd003881469b8150e2edd8c1d8946df2f4ac074f304c264a67159c50132038afede6a3bbaba4870",
            "directory_permission": "0777",
            "file_permission": "0777",
            "filename": "/home/vagrant/mtt.txt",
            "id": "899bba5713bd313466a4c5d4834959fe79865cdb",
            "sensitive_content": null,
            "source": null
          },
          "sensitive_attributes": []
        }
      ]
    }
  ],
  "check_results": null
}
